
Microsoft Visual Studio Solution File, Format Version 12.00
Project("{FAE04EC0-301F-11D3-BF4B-00C04F79EFBC}") = "Contacts.Domain", "Contacts.Domain\Contacts.Domain.csproj", "{76B26D91-9671-4367-88A8-FC3B4C8D5BAA}"
EndProject
Project("{FAE04EC0-301F-11D3-BF4B-00C04F79EFBC}") = "Contacts", "Contacts\Contacts.csproj", "{61088E8C-B1E5-4355-9BFF-C7177D1CAB87}"
EndProject
Project("{FAE04EC0-301F-11D3-BF4B-00C04F79EFBC}") = "Contacts.Domain.Tests", "Contacts.Domain.Tests\Contacts.Domain.Tests.csproj", "{A72D791C-7F40-4325-A5BC-0C7ADB0B8D28}"
EndProject
Global
	GlobalSection(SolutionConfigurationPlatforms) = preSolution
		Debug|Any CPU = Debug|Any CPU
		Release|Any CPU = Release|Any CPU
	EndGlobalSection
	GlobalSection(ProjectConfigurationPlatforms) = postSolution
		{76B26D91-9671-4367-88A8-FC3B4C8D5BAA}.Debug|Any CPU.ActiveCfg = Debug|Any CPU
		{76B26D91-9671-4367-88A8-FC3B4C8D5BAA}.Debug|Any CPU.Build.0 = Debug|Any CPU
		{76B26D91-9671-4367-88A8-FC3B4C8D5BAA}.Release|Any CPU.ActiveCfg = Release|Any CPU
		{76B26D91-9671-4367-88A8-FC3B4C8D5BAA}.Release|Any CPU.Build.0 = Release|Any CPU
		{61088E8C-B1E5-4355-9BFF-C7177D1CAB87}.Debug|Any CPU.ActiveCfg = Debug|Any CPU
		{61088E8C-B1E5-4355-9BFF-C7177D1CAB87}.Debug|Any CPU.Build.0 = Debug|Any CPU
		{61088E8C-B1E5-4355-9BFF-C7177D1CAB87}.Release|Any CPU.ActiveCfg = Release|Any CPU
		{61088E8C-B1E5-4355-9BFF-C7177D1CAB87}.Release|Any CPU.Build.0 = Release|Any CPU
		{A72D791C-7F40-4325-A5BC-0C7ADB0B8D28}.Debug|Any CPU.ActiveCfg = Debug|Any CPU
		{A72D791C-7F40-4325-A5BC-0C7ADB0B8D28}.Debug|Any CPU.Build.0 = Debug|Any CPU
		{A72D791C-7F40-4325-A5BC-0C7ADB0B8D28}.Release|Any CPU.ActiveCfg = Release|Any CPU
		{A72D791C-7F40-4325-A5BC-0C7ADB0B8D28}.Release|Any CPU.Build.0 = Release|Any CPU
	EndGlobalSection
EndGlobal
